
Microsoft Visual Studio Solution File, Format Version 12.00
# Visual Studio Version 17
VisualStudioVersion = 17.12.35707.178 d17.12
MinimumVisualStudioVersion = 10.0.40219.1
Project("{FAE04EC0-301F-11D3-BF4B-00C04F79EFBC}") = "HKIBIM_Automation_2025_Demo2", "HKIBIM_Automation_2025_Demo2.csproj", "{AA66EE86-F6F1-4721-BF60-373F8E40EE0D}"
EndProject
Global
	GlobalSection(SolutionConfigurationPlatforms) = preSolution
		Debug|Any CPU = Debug|Any CPU
		Release|Any CPU = Release|Any CPU
	EndGlobalSection
	GlobalSection(ProjectConfigurationPlatforms) = postSolution
		{AA66EE86-F6F1-4721-BF60-373F8E40EE0D}.Debug|Any CPU.ActiveCfg = Debug|Any CPU
		{AA66EE86-F6F1-4721-BF60-373F8E40EE0D}.Debug|Any CPU.Build.0 = Debug|Any CPU
		{AA66EE86-F6F1-4721-BF60-373F8E40EE0D}.Release|Any CPU.ActiveCfg = Release|Any CPU
		{AA66EE86-F6F1-4721-BF60-373F8E40EE0D}.Release|Any CPU.Build.0 = Release|Any CPU
	EndGlobalSection
	GlobalSection(SolutionProperties) = preSolution
		HideSolutionNode = FALSE
	EndGlobalSection
EndGlobal
